
Microsoft Visual Studio Solution File, Format Version 12.00
# Visual Studio Version 17
VisualStudioVersion = 17.0.32126.317
MinimumVisualStudioVersion = 10.0.40219.1
Project("{8BC9CEB8-8B4A-11D0-8D11-00A0C91BC942}") = "NWScript-Npp", "NWScript-Npp\NWScript-Npp.vcxproj", "{D414B1FF-04A2-4C73-B17C-4272B7B5932A}"
	ProjectSection(ProjectDependencies) = postProject
		{9D6BAC40-E346-4E23-B0EA-960DD98FEA37} = {9D6BAC40-E346-4E23-B0EA-960DD98FEA37}
		{452A0049-4B9C-40C1-B337-C551C0C9357E} = {452A0049-4B9C-40C1-B337-C551C0C9357E}
		{1DF4D158-6062-478B-AEA1-84C235593F3D} = {1DF4D158-6062-478B-AEA1-84C235593F3D}
		{E0B821EC-8168-4F7A-A40E-9ACC97E77F54} = {E0B821EC-8168-4F7A-A40E-9ACC97E77F54}
	EndProjectSection
EndProject
Project("{8BC9CEB8-8B4A-11D0-8D11-00A0C91BC942}") = "NscLib", "lib\NscLib\NscLib.vcxproj", "{9D6BAC40-E346-4E23-B0EA-960DD98FEA37}"
EndProject
Project("{2150E333-8FDC-42A3-9474-1A3956D46DE8}") = "LIB", "LIB", "{D08D42B6-9329-4080-9A2B-DD7061815BCD}"
EndProject
Project("{2150E333-8FDC-42A3-9474-1A3956D46DE8}") = "PCRE2", "PCRE2", "{B983C170-2A1B-426B-AB42-4952DCB8027B}"
EndProject
Project("{8BC9CEB8-8B4A-11D0-8D11-00A0C91BC942}") = "libpcre2-8-static", "lib\PCRE2\vstudio\libpcre2-8-static.vcxproj", "{1DF4D158-6062-478B-AEA1-84C235593F3D}"
EndProject
Project("{8BC9CEB8-8B4A-11D0-8D11-00A0C91BC942}") = "libpcre2-16-static", "lib\PCRE2\vstudio\libpcre2-16-static.vcxproj", "{452A0049-4B9C-40C1-B337-C551C0C9357E}"
EndProject
Project("{8BC9CEB8-8B4A-11D0-8D11-00A0C91BC942}") = "libpcre2-32-static", "lib\PCRE2\vstudio\libpcre2-32-static.vcxproj", "{E0B821EC-8168-4F7A-A40E-9ACC97E77F54}"
EndProject
Global
	GlobalSection(SolutionConfigurationPlatforms) = preSolution
		Debug|x64 = Debug|x64
		Debug|x86 = Debug|x86
		Release|x64 = Release|x64
		Release|x86 = Release|x86
	EndGlobalSection
	GlobalSection(ProjectConfigurationPlatforms) = postSolution
		{D414B1FF-04A2-4C73-B17C-4272B7B5932A}.Debug|x64.ActiveCfg = Debug|x64
		{D414B1FF-04A2-4C73-B17C-4272B7B5932A}.Debug|x64.Build.0 = Debug|x64
		{D414B1FF-04A2-4C73-B17C-4272B7B5932A}.Debug|x86.ActiveCfg = Debug|Win32
		{D414B1FF-04A2-4C73-B17C-4272B7B5932A}.Debug|x86.Build.0 = Debug|Win32
		{D414B1FF-04A2-4C73-B17C-4272B7B5932A}.Release|x64.ActiveCfg = Release|x64
		{D414B1FF-04A2-4C73-B17C-4272B7B5932A}.Release|x64.Build.0 = Release|x64
		{D414B1FF-04A2-4C73-B17C-4272B7B5932A}.Release|x86.ActiveCfg = Release|Win32
		{D414B1FF-04A2-4C73-B17C-4272B7B5932A}.Release|x86.Build.0 = Release|Win32
		{9D6BAC40-E346-4E23-B0EA-960DD98FEA37}.Debug|x64.ActiveCfg = Debug|x64
		{9D6BAC40-E346-4E23-B0EA-960DD98FEA37}.Debug|x64.Build.0 = Debug|x64
		{9D6BAC40-E346-4E23-B0EA-960DD98FEA37}.Debug|x86.ActiveCfg = Debug|Win32
		{9D6BAC40-E346-4E23-B0EA-960DD98FEA37}.Debug|x86.Build.0 = Debug|Win32
		{9D6BAC40-E346-4E23-B0EA-960DD98FEA37}.Release|x64.ActiveCfg = Release|x64
		{9D6BAC40-E346-4E23-B0EA-960DD98FEA37}.Release|x64.Build.0 = Release|x64
		{9D6BAC40-E346-4E23-B0EA-960DD98FEA37}.Release|x86.ActiveCfg = Release|Win32
		{9D6BAC40-E346-4E23-B0EA-960DD98FEA37}.Release|x86.Build.0 = Release|Win32
		{1DF4D158-6062-478B-AEA1-84C235593F3D}.Debug|x64.ActiveCfg = Debug|x64
		{1DF4D158-6062-478B-AEA1-84C235593F3D}.Debug|x64.Build.0 = Debug|x64
		{1DF4D158-6062-478B-AEA1-84C235593F3D}.Debug|x86.ActiveCfg = Debug|Win32
		{1DF4D158-6062-478B-AEA1-84C235593F3D}.Debug|x86.Build.0 = Debug|Win32
		{1DF4D158-6062-478B-AEA1-84C235593F3D}.Release|x64.ActiveCfg = Release|x64
		{1DF4D158-6062-478B-AEA1-84C235593F3D}.Release|x64.Build.0 = Release|x64
		{1DF4D158-6062-478B-AEA1-84C235593F3D}.Release|x86.ActiveCfg = Release|Win32
		{1DF4D158-6062-478B-AEA1-84C235593F3D}.Release|x86.Build.0 = Release|Win32
		{452A0049-4B9C-40C1-B337-C551C0C9357E}.Debug|x64.ActiveCfg = Debug|x64
		{452A0049-4B9C-40C1-B337-C551C0C9357E}.Debug|x64.Build.0 = Debug|x64
		{452A0049-4B9C-40C1-B337-C551C0C9357E}.Debug|x86.ActiveCfg = Debug|Win32
		{452A0049-4B9C-40C1-B337-C551C0C9357E}.Debug|x86.Build.0 = Debug|Win32
		{452A0049-4B9C-40C1-B337-C551C0C9357E}.Release|x64.ActiveCfg = Release|x64
		{452A0049-4B9C-40C1-B337-C551C0C9357E}.Release|x64.Build.0 = Release|x64
		{452A0049-4B9C-40C1-B337-C551C0C9357E}.Release|x86.ActiveCfg = Release|Win32
		{452A0049-4B9C-40C1-B337-C551C0C9357E}.Release|x86.Build.0 = Release|Win32
		{E0B821EC-8168-4F7A-A40E-9ACC97E77F54}.Debug|x64.ActiveCfg = Debug|x64
		{E0B821EC-8168-4F7A-A40E-9ACC97E77F54}.Debug|x64.Build.0 = Debug|x64
		{E0B821EC-8168-4F7A-A40E-9ACC97E77F54}.Debug|x86.ActiveCfg = Debug|Win32
		{E0B821EC-8168-4F7A-A40E-9ACC97E77F54}.Debug|x86.Build.0 = Debug|Win32
		{E0B821EC-8168-4F7A-A40E-9ACC97E77F54}.Release|x64.ActiveCfg = Release|x64
		{E0B821EC-8168-4F7A-A40E-9ACC97E77F54}.Release|x64.Build.0 = Release|x64
		{E0B821EC-8168-4F7A-A40E-9ACC97E77F54}.Release|x86.ActiveCfg = Release|Win32
		{E0B821EC-8168-4F7A-A40E-9ACC97E77F54}.Release|x86.Build.0 = Release|Win32
	EndGlobalSection
	GlobalSection(SolutionProperties) = preSolution
		HideSolutionNode = FALSE
	EndGlobalSection
	GlobalSection(NestedProjects) = preSolution
		{9D6BAC40-E346-4E23-B0EA-960DD98FEA37} = {D08D42B6-9329-4080-9A2B-DD7061815BCD}
		{B983C170-2A1B-426B-AB42-4952DCB8027B} = {D08D42B6-9329-4080-9A2B-DD7061815BCD}
		{1DF4D158-6062-478B-AEA1-84C235593F3D} = {B983C170-2A1B-426B-AB42-4952DCB8027B}
		{452A0049-4B9C-40C1-B337-C551C0C9357E} = {B983C170-2A1B-426B-AB42-4952DCB8027B}
		{E0B821EC-8168-4F7A-A40E-9ACC97E77F54} = {B983C170-2A1B-426B-AB42-4952DCB8027B}
	EndGlobalSection
	GlobalSection(ExtensibilityGlobals) = postSolution
		SolutionGuid = {7EFC17C7-02C9-446F-948B-EE3097ED0939}
	EndGlobalSection
EndGlobal
