
Microsoft Visual Studio Solution File, Format Version 12.00
# Visual Studio Version 17
VisualStudioVersion = 17.0.32126.317
MinimumVisualStudioVersion = 10.0.40219.1
Project("{8BC9CEB8-8B4A-11D0-8D11-00A0C91BC942}") = "NWScript-Npp", "NWScript-Npp\NWScript-Npp.vcxproj", "{D414B1FF-04A2-4C73-B17C-4272B7B5932A}"
	ProjectSection(ProjectDependencies) = postProject
		{9D6BAC40-E346-4E23-B0EA-960DD98FEA37} = {9D6BAC40-E346-4E23-B0EA-960DD98FEA37}
	EndProjectSection
EndProject
Project("{8BC9CEB8-8B4A-11D0-8D11-00A0C91BC942}") = "NscLib", "lib\NscLib\NscLib.vcxproj", "{9D6BAC40-E346-4E23-B0EA-960DD98FEA37}"
EndProject
Project("{8BC9CEB8-8B4A-11D0-8D11-00A0C91BC942}") = "lunasvg", "lib\lunasvg\lunasvg.vcxproj", "{2A77808E-C149-4184-85DA-70A1BB4C1EEA}"
EndProject
Global
	GlobalSection(SolutionConfigurationPlatforms) = preSolution
		Debug|x64 = Debug|x64
		Debug|x86 = Debug|x86
		Release|x64 = Release|x64
		Release|x86 = Release|x86
	EndGlobalSection
	GlobalSection(ProjectConfigurationPlatforms) = postSolution
		{D414B1FF-04A2-4C73-B17C-4272B7B5932A}.Debug|x64.ActiveCfg = Debug|x64
		{D414B1FF-04A2-4C73-B17C-4272B7B5932A}.Debug|x64.Build.0 = Debug|x64
		{D414B1FF-04A2-4C73-B17C-4272B7B5932A}.Debug|x86.ActiveCfg = Debug|Win32
		{D414B1FF-04A2-4C73-B17C-4272B7B5932A}.Debug|x86.Build.0 = Debug|Win32
		{D414B1FF-04A2-4C73-B17C-4272B7B5932A}.Release|x64.ActiveCfg = Release|x64
		{D414B1FF-04A2-4C73-B17C-4272B7B5932A}.Release|x64.Build.0 = Release|x64
		{D414B1FF-04A2-4C73-B17C-4272B7B5932A}.Release|x86.ActiveCfg = Release|Win32
		{D414B1FF-04A2-4C73-B17C-4272B7B5932A}.Release|x86.Build.0 = Release|Win32
		{9D6BAC40-E346-4E23-B0EA-960DD98FEA37}.Debug|x64.ActiveCfg = Debug|x64
		{9D6BAC40-E346-4E23-B0EA-960DD98FEA37}.Debug|x64.Build.0 = Debug|x64
		{9D6BAC40-E346-4E23-B0EA-960DD98FEA37}.Debug|x86.ActiveCfg = Debug|Win32
		{9D6BAC40-E346-4E23-B0EA-960DD98FEA37}.Debug|x86.Build.0 = Debug|Win32
		{9D6BAC40-E346-4E23-B0EA-960DD98FEA37}.Release|x64.ActiveCfg = Release|x64
		{9D6BAC40-E346-4E23-B0EA-960DD98FEA37}.Release|x64.Build.0 = Release|x64
		{9D6BAC40-E346-4E23-B0EA-960DD98FEA37}.Release|x86.ActiveCfg = Release|Win32
		{9D6BAC40-E346-4E23-B0EA-960DD98FEA37}.Release|x86.Build.0 = Release|Win32
		{2A77808E-C149-4184-85DA-70A1BB4C1EEA}.Debug|x64.ActiveCfg = Debug|x64
		{2A77808E-C149-4184-85DA-70A1BB4C1EEA}.Debug|x64.Build.0 = Debug|x64
		{2A77808E-C149-4184-85DA-70A1BB4C1EEA}.Debug|x86.ActiveCfg = Debug|Win32
		{2A77808E-C149-4184-85DA-70A1BB4C1EEA}.Debug|x86.Build.0 = Debug|Win32
		{2A77808E-C149-4184-85DA-70A1BB4C1EEA}.Release|x64.ActiveCfg = Release|x64
		{2A77808E-C149-4184-85DA-70A1BB4C1EEA}.Release|x64.Build.0 = Release|x64
		{2A77808E-C149-4184-85DA-70A1BB4C1EEA}.Release|x86.ActiveCfg = Release|Win32
		{2A77808E-C149-4184-85DA-70A1BB4C1EEA}.Release|x86.Build.0 = Release|Win32
	EndGlobalSection
	GlobalSection(SolutionProperties) = preSolution
		HideSolutionNode = FALSE
	EndGlobalSection
	GlobalSection(ExtensibilityGlobals) = postSolution
		SolutionGuid = {7EFC17C7-02C9-446F-948B-EE3097ED0939}
	EndGlobalSection
EndGlobal
