
Microsoft Visual Studio Solution File, Format Version 12.00
# Visual Studio Version 17
VisualStudioVersion = 17.1.32328.378
MinimumVisualStudioVersion = 10.0.40219.1
Project("{8BC9CEB8-8B4A-11D0-8D11-00A0C91BC942}") = "nwnsc", "nwnsc.vcxproj", "{8461CF1E-518F-4828-90D1-0DD2F14BD247}"
EndProject
Project("{8BC9CEB8-8B4A-11D0-8D11-00A0C91BC942}") = "NscLib", "..\lib\NscLib\NscLib.vcxproj", "{9D6BAC40-E346-4E23-B0EA-960DD98FEA37}"
EndProject
Global
	GlobalSection(SolutionConfigurationPlatforms) = preSolution
		Debug|x64 = Debug|x64
		Debug|x86 = Debug|x86
		Release|x64 = Release|x64
		Release|x86 = Release|x86
	EndGlobalSection
	GlobalSection(ProjectConfigurationPlatforms) = postSolution
		{8461CF1E-518F-4828-90D1-0DD2F14BD247}.Debug|x64.ActiveCfg = Debug|x64
		{8461CF1E-518F-4828-90D1-0DD2F14BD247}.Debug|x64.Build.0 = Debug|x64
		{8461CF1E-518F-4828-90D1-0DD2F14BD247}.Debug|x86.ActiveCfg = Debug|Win32
		{8461CF1E-518F-4828-90D1-0DD2F14BD247}.Debug|x86.Build.0 = Debug|Win32
		{8461CF1E-518F-4828-90D1-0DD2F14BD247}.Release|x64.ActiveCfg = Release|x64
		{8461CF1E-518F-4828-90D1-0DD2F14BD247}.Release|x64.Build.0 = Release|x64
		{8461CF1E-518F-4828-90D1-0DD2F14BD247}.Release|x86.ActiveCfg = Release|Win32
		{8461CF1E-518F-4828-90D1-0DD2F14BD247}.Release|x86.Build.0 = Release|Win32
		{9D6BAC40-E346-4E23-B0EA-960DD98FEA37}.Debug|x64.ActiveCfg = Debug|x64
		{9D6BAC40-E346-4E23-B0EA-960DD98FEA37}.Debug|x64.Build.0 = Debug|x64
		{9D6BAC40-E346-4E23-B0EA-960DD98FEA37}.Debug|x86.ActiveCfg = Debug|Win32
		{9D6BAC40-E346-4E23-B0EA-960DD98FEA37}.Debug|x86.Build.0 = Debug|Win32
		{9D6BAC40-E346-4E23-B0EA-960DD98FEA37}.Release|x64.ActiveCfg = Release|x64
		{9D6BAC40-E346-4E23-B0EA-960DD98FEA37}.Release|x64.Build.0 = Release|x64
		{9D6BAC40-E346-4E23-B0EA-960DD98FEA37}.Release|x86.ActiveCfg = Release|Win32
		{9D6BAC40-E346-4E23-B0EA-960DD98FEA37}.Release|x86.Build.0 = Release|Win32
	EndGlobalSection
	GlobalSection(SolutionProperties) = preSolution
		HideSolutionNode = FALSE
	EndGlobalSection
	GlobalSection(ExtensibilityGlobals) = postSolution
		SolutionGuid = {5EA9C94D-2A4E-4A5C-B770-96C78BFD4E4C}
	EndGlobalSection
EndGlobal
